
Microsoft Visual Studio Solution File, Format Version 12.00
# Visual Studio Version 16
VisualStudioVersion = 16.0.30907.101
MinimumVisualStudioVersion = 10.0.40219.1
Project("{FAE04EC0-301F-11D3-BF4B-00C04F79EFBC}") = "Gaming Fundamentals", "Gaming Fundamentals.csproj", "{5BF5C675-84BB-48BA-8CE3-BA2A74889F02}"
EndProject
Global
	GlobalSection(SolutionConfigurationPlatforms) = preSolution
		Debug|Any CPU = Debug|Any CPU
		Release|Any CPU = Release|Any CPU
	EndGlobalSection
	GlobalSection(ProjectConfigurationPlatforms) = postSolution
		{5BF5C675-84BB-48BA-8CE3-BA2A74889F02}.Debug|Any CPU.ActiveCfg = Debug|Any CPU
		{5BF5C675-84BB-48BA-8CE3-BA2A74889F02}.Debug|Any CPU.Build.0 = Debug|Any CPU
		{5BF5C675-84BB-48BA-8CE3-BA2A74889F02}.Release|Any CPU.ActiveCfg = Release|Any CPU
		{5BF5C675-84BB-48BA-8CE3-BA2A74889F02}.Release|Any CPU.Build.0 = Release|Any CPU
	EndGlobalSection
	GlobalSection(SolutionProperties) = preSolution
		HideSolutionNode = FALSE
	EndGlobalSection
	GlobalSection(ExtensibilityGlobals) = postSolution
		SolutionGuid = {20B681B5-1295-4564-AC2E-65C10EF253C8}
	EndGlobalSection
EndGlobal
